
Microsoft Visual Studio Solution File, Format Version 12.00
# Visual Studio Version 17
VisualStudioVersion = 17.5.33502.453
MinimumVisualStudioVersion = 10.0.40219.1
Project("{FAE04EC0-301F-11D3-BF4B-00C04F79EFBC}") = "HomeWork2", "HomeWork2\HomeWork2.csproj", "{71155804-433F-4053-896E-985AAF072F07}"
EndProject
Project("{FAE04EC0-301F-11D3-BF4B-00C04F79EFBC}") = "Perfomance", "Perfomance\Perfomance.csproj", "{F2EFFB6F-0D91-4FB2-986B-DED8A1134F1A}"
EndProject
Global
	GlobalSection(SolutionConfigurationPlatforms) = preSolution
		Debug|Any CPU = Debug|Any CPU
		Release|Any CPU = Release|Any CPU
	EndGlobalSection
	GlobalSection(ProjectConfigurationPlatforms) = postSolution
		{71155804-433F-4053-896E-985AAF072F07}.Debug|Any CPU.ActiveCfg = Debug|Any CPU
		{71155804-433F-4053-896E-985AAF072F07}.Debug|Any CPU.Build.0 = Debug|Any CPU
		{71155804-433F-4053-896E-985AAF072F07}.Release|Any CPU.ActiveCfg = Release|Any CPU
		{71155804-433F-4053-896E-985AAF072F07}.Release|Any CPU.Build.0 = Release|Any CPU
		{F2EFFB6F-0D91-4FB2-986B-DED8A1134F1A}.Debug|Any CPU.ActiveCfg = Debug|Any CPU
		{F2EFFB6F-0D91-4FB2-986B-DED8A1134F1A}.Debug|Any CPU.Build.0 = Debug|Any CPU
		{F2EFFB6F-0D91-4FB2-986B-DED8A1134F1A}.Release|Any CPU.ActiveCfg = Release|Any CPU
		{F2EFFB6F-0D91-4FB2-986B-DED8A1134F1A}.Release|Any CPU.Build.0 = Release|Any CPU
	EndGlobalSection
	GlobalSection(SolutionProperties) = preSolution
		HideSolutionNode = FALSE
	EndGlobalSection
	GlobalSection(ExtensibilityGlobals) = postSolution
		SolutionGuid = {C80D3C51-CBE4-433C-B8FF-7D93B7B063D5}
	EndGlobalSection
EndGlobal
