
Microsoft Visual Studio Solution File, Format Version 12.00
# Visual Studio Version 17
VisualStudioVersion = 17.5.33502.453
MinimumVisualStudioVersion = 10.0.40219.1
Project("{FAE04EC0-301F-11D3-BF4B-00C04F79EFBC}") = "HomeWork2.1", "HomeWork2.1\HomeWork2.1.csproj", "{6D9537E5-262A-42A0-978D-AA68A2002819}"
EndProject
Global
	GlobalSection(SolutionConfigurationPlatforms) = preSolution
		Debug|Any CPU = Debug|Any CPU
		Release|Any CPU = Release|Any CPU
	EndGlobalSection
	GlobalSection(ProjectConfigurationPlatforms) = postSolution
		{6D9537E5-262A-42A0-978D-AA68A2002819}.Debug|Any CPU.ActiveCfg = Debug|Any CPU
		{6D9537E5-262A-42A0-978D-AA68A2002819}.Debug|Any CPU.Build.0 = Debug|Any CPU
		{6D9537E5-262A-42A0-978D-AA68A2002819}.Release|Any CPU.ActiveCfg = Release|Any CPU
		{6D9537E5-262A-42A0-978D-AA68A2002819}.Release|Any CPU.Build.0 = Release|Any CPU
	EndGlobalSection
	GlobalSection(SolutionProperties) = preSolution
		HideSolutionNode = FALSE
	EndGlobalSection
	GlobalSection(ExtensibilityGlobals) = postSolution
		SolutionGuid = {6F0190D9-D692-4573-B5D1-D2034421C15E}
	EndGlobalSection
EndGlobal
