
Microsoft Visual Studio Solution File, Format Version 12.00
# Visual Studio Version 17
VisualStudioVersion = 17.5.33502.453
MinimumVisualStudioVersion = 10.0.40219.1
Project("{9A19103F-16F7-4668-BE54-9A1E7A4F7556}") = "Figures", "HomeWork4\Figures.csproj", "{481FFDF2-0839-467E-898B-93DB5729EC65}"
	ProjectSection(ProjectDependencies) = postProject
		{2C9DAC5F-0791-4917-B3CA-A9DAC08EB1E6} = {2C9DAC5F-0791-4917-B3CA-A9DAC08EB1E6}
	EndProjectSection
EndProject
Project("{9A19103F-16F7-4668-BE54-9A1E7A4F7556}") = "Game", "Game\Game.csproj", "{97F51B4C-F3CD-4F4D-ACF2-52C14D4C4862}"
	ProjectSection(ProjectDependencies) = postProject
		{30F6686F-4024-46BF-AF5C-46D03519FBF4} = {30F6686F-4024-46BF-AF5C-46D03519FBF4}
	EndProjectSection
EndProject
Project("{9A19103F-16F7-4668-BE54-9A1E7A4F7556}") = "LibraryForGame", "LibraryForGame\LibraryForGame.csproj", "{30F6686F-4024-46BF-AF5C-46D03519FBF4}"
EndProject
Project("{FAE04EC0-301F-11D3-BF4B-00C04F79EFBC}") = "LibraryForFigures", "LibraryForFigures\LibraryForFigures.csproj", "{2C9DAC5F-0791-4917-B3CA-A9DAC08EB1E6}"
EndProject
Global
	GlobalSection(SolutionConfigurationPlatforms) = preSolution
		Debug|Any CPU = Debug|Any CPU
		Release|Any CPU = Release|Any CPU
	EndGlobalSection
	GlobalSection(ProjectConfigurationPlatforms) = postSolution
		{481FFDF2-0839-467E-898B-93DB5729EC65}.Debug|Any CPU.ActiveCfg = Debug|Any CPU
		{481FFDF2-0839-467E-898B-93DB5729EC65}.Debug|Any CPU.Build.0 = Debug|Any CPU
		{481FFDF2-0839-467E-898B-93DB5729EC65}.Release|Any CPU.ActiveCfg = Release|Any CPU
		{481FFDF2-0839-467E-898B-93DB5729EC65}.Release|Any CPU.Build.0 = Release|Any CPU
		{97F51B4C-F3CD-4F4D-ACF2-52C14D4C4862}.Debug|Any CPU.ActiveCfg = Debug|Any CPU
		{97F51B4C-F3CD-4F4D-ACF2-52C14D4C4862}.Debug|Any CPU.Build.0 = Debug|Any CPU
		{97F51B4C-F3CD-4F4D-ACF2-52C14D4C4862}.Release|Any CPU.ActiveCfg = Release|Any CPU
		{97F51B4C-F3CD-4F4D-ACF2-52C14D4C4862}.Release|Any CPU.Build.0 = Release|Any CPU
		{30F6686F-4024-46BF-AF5C-46D03519FBF4}.Debug|Any CPU.ActiveCfg = Debug|Any CPU
		{30F6686F-4024-46BF-AF5C-46D03519FBF4}.Debug|Any CPU.Build.0 = Debug|Any CPU
		{30F6686F-4024-46BF-AF5C-46D03519FBF4}.Release|Any CPU.ActiveCfg = Release|Any CPU
		{30F6686F-4024-46BF-AF5C-46D03519FBF4}.Release|Any CPU.Build.0 = Release|Any CPU
		{2C9DAC5F-0791-4917-B3CA-A9DAC08EB1E6}.Debug|Any CPU.ActiveCfg = Debug|Any CPU
		{2C9DAC5F-0791-4917-B3CA-A9DAC08EB1E6}.Debug|Any CPU.Build.0 = Debug|Any CPU
		{2C9DAC5F-0791-4917-B3CA-A9DAC08EB1E6}.Release|Any CPU.ActiveCfg = Release|Any CPU
		{2C9DAC5F-0791-4917-B3CA-A9DAC08EB1E6}.Release|Any CPU.Build.0 = Release|Any CPU
	EndGlobalSection
	GlobalSection(SolutionProperties) = preSolution
		HideSolutionNode = FALSE
	EndGlobalSection
	GlobalSection(ExtensibilityGlobals) = postSolution
		SolutionGuid = {189F88B3-9081-470F-BBE8-907587C95458}
	EndGlobalSection
EndGlobal
